
Microsoft Visual Studio Solution File, Format Version 12.00
# Visual Studio Version 16
VisualStudioVersion = 16.0.31410.357
MinimumVisualStudioVersion = 10.0.40219.1
Project("{FAE04EC0-301F-11D3-BF4B-00C04F79EFBC}") = "Truckonline Demo Widget", "Truckonline Demo Widget.csproj", "{04AE761A-3AEF-4B5C-8368-5754DC8ACDFE}"
EndProject
Global
	GlobalSection(SolutionConfigurationPlatforms) = preSolution
		Debug|Any CPU = Debug|Any CPU
		Release|Any CPU = Release|Any CPU
	EndGlobalSection
	GlobalSection(ProjectConfigurationPlatforms) = postSolution
		{04AE761A-3AEF-4B5C-8368-5754DC8ACDFE}.Debug|Any CPU.ActiveCfg = Debug|Any CPU
		{04AE761A-3AEF-4B5C-8368-5754DC8ACDFE}.Debug|Any CPU.Build.0 = Debug|Any CPU
		{04AE761A-3AEF-4B5C-8368-5754DC8ACDFE}.Release|Any CPU.ActiveCfg = Release|Any CPU
		{04AE761A-3AEF-4B5C-8368-5754DC8ACDFE}.Release|Any CPU.Build.0 = Release|Any CPU
	EndGlobalSection
	GlobalSection(SolutionProperties) = preSolution
		HideSolutionNode = FALSE
	EndGlobalSection
	GlobalSection(ExtensibilityGlobals) = postSolution
		SolutionGuid = {B6B427E0-70B6-48F1-82E9-7378EB782BFD}
	EndGlobalSection
EndGlobal
